
Microsoft Visual Studio Solution File, Format Version 12.00
# Visual Studio Version 17
VisualStudioVersion = 17.4.33213.308
MinimumVisualStudioVersion = 10.0.40219.1
Project("{FAE04EC0-301F-11D3-BF4B-00C04F79EFBC}") = "01_WelcomeTOASP", "01_WelcomeTOASP\01_WelcomeTOASP.csproj", "{F2074937-C741-46FB-80D0-48D094FAEDDD}"
EndProject
Project("{FAE04EC0-301F-11D3-BF4B-00C04F79EFBC}") = "02_FirstHomeWorkASP", "02_FirstHomeWorkASP\02_FirstHomeWorkASP.csproj", "{357B15B0-C345-4979-8AC3-91C7EF391F8C}"
EndProject
Global
	GlobalSection(SolutionConfigurationPlatforms) = preSolution
		Debug|Any CPU = Debug|Any CPU
		Release|Any CPU = Release|Any CPU
	EndGlobalSection
	GlobalSection(ProjectConfigurationPlatforms) = postSolution
		{F2074937-C741-46FB-80D0-48D094FAEDDD}.Debug|Any CPU.ActiveCfg = Debug|Any CPU
		{F2074937-C741-46FB-80D0-48D094FAEDDD}.Debug|Any CPU.Build.0 = Debug|Any CPU
		{F2074937-C741-46FB-80D0-48D094FAEDDD}.Release|Any CPU.ActiveCfg = Release|Any CPU
		{F2074937-C741-46FB-80D0-48D094FAEDDD}.Release|Any CPU.Build.0 = Release|Any CPU
		{357B15B0-C345-4979-8AC3-91C7EF391F8C}.Debug|Any CPU.ActiveCfg = Debug|Any CPU
		{357B15B0-C345-4979-8AC3-91C7EF391F8C}.Debug|Any CPU.Build.0 = Debug|Any CPU
		{357B15B0-C345-4979-8AC3-91C7EF391F8C}.Release|Any CPU.ActiveCfg = Release|Any CPU
		{357B15B0-C345-4979-8AC3-91C7EF391F8C}.Release|Any CPU.Build.0 = Release|Any CPU
	EndGlobalSection
	GlobalSection(SolutionProperties) = preSolution
		HideSolutionNode = FALSE
	EndGlobalSection
	GlobalSection(ExtensibilityGlobals) = postSolution
		SolutionGuid = {9ECF5B2C-A2DC-4925-9776-3B15400D5B40}
	EndGlobalSection
EndGlobal
